
Microsoft Visual Studio Solution File, Format Version 12.00
# Visual Studio Version 17
VisualStudioVersion = 17.7.34221.43
MinimumVisualStudioVersion = 10.0.40219.1
Project("{FAE04EC0-301F-11D3-BF4B-00C04F79EFBC}") = "Praktika11", "Praktika11\Praktika11.csproj", "{88543A8C-08DE-4BBA-A474-55283C1F524E}"
EndProject
Project("{FAE04EC0-301F-11D3-BF4B-00C04F79EFBC}") = "CourierAppLibrary", "CourierAppLibrary\CourierAppLibrary.csproj", "{B0016E49-82C8-4123-AC7C-4FABD1F8448B}"
EndProject
Project("{FAE04EC0-301F-11D3-BF4B-00C04F79EFBC}") = "CreateWaybillConsoleApp", "CreateWaybillConsoleApp\CreateWaybillConsoleApp.csproj", "{C5A7DD8F-BA0A-4ACA-A22F-D3C648B38CC6}"
EndProject
Project("{FAE04EC0-301F-11D3-BF4B-00C04F79EFBC}") = "ReadWaybillsConsoleApp", "ReadWaybillsConsoleApp\ReadWaybillsConsoleApp.csproj", "{BD0F6214-A49C-4177-9D1E-6A5556E18264}"
EndProject
Global
	GlobalSection(SolutionConfigurationPlatforms) = preSolution
		Debug|Any CPU = Debug|Any CPU
		Release|Any CPU = Release|Any CPU
	EndGlobalSection
	GlobalSection(ProjectConfigurationPlatforms) = postSolution
		{88543A8C-08DE-4BBA-A474-55283C1F524E}.Debug|Any CPU.ActiveCfg = Debug|Any CPU
		{88543A8C-08DE-4BBA-A474-55283C1F524E}.Debug|Any CPU.Build.0 = Debug|Any CPU
		{88543A8C-08DE-4BBA-A474-55283C1F524E}.Release|Any CPU.ActiveCfg = Release|Any CPU
		{88543A8C-08DE-4BBA-A474-55283C1F524E}.Release|Any CPU.Build.0 = Release|Any CPU
		{B0016E49-82C8-4123-AC7C-4FABD1F8448B}.Debug|Any CPU.ActiveCfg = Debug|Any CPU
		{B0016E49-82C8-4123-AC7C-4FABD1F8448B}.Debug|Any CPU.Build.0 = Debug|Any CPU
		{B0016E49-82C8-4123-AC7C-4FABD1F8448B}.Release|Any CPU.ActiveCfg = Release|Any CPU
		{B0016E49-82C8-4123-AC7C-4FABD1F8448B}.Release|Any CPU.Build.0 = Release|Any CPU
		{C5A7DD8F-BA0A-4ACA-A22F-D3C648B38CC6}.Debug|Any CPU.ActiveCfg = Debug|Any CPU
		{C5A7DD8F-BA0A-4ACA-A22F-D3C648B38CC6}.Debug|Any CPU.Build.0 = Debug|Any CPU
		{C5A7DD8F-BA0A-4ACA-A22F-D3C648B38CC6}.Release|Any CPU.ActiveCfg = Release|Any CPU
		{C5A7DD8F-BA0A-4ACA-A22F-D3C648B38CC6}.Release|Any CPU.Build.0 = Release|Any CPU
		{BD0F6214-A49C-4177-9D1E-6A5556E18264}.Debug|Any CPU.ActiveCfg = Debug|Any CPU
		{BD0F6214-A49C-4177-9D1E-6A5556E18264}.Debug|Any CPU.Build.0 = Debug|Any CPU
		{BD0F6214-A49C-4177-9D1E-6A5556E18264}.Release|Any CPU.ActiveCfg = Release|Any CPU
		{BD0F6214-A49C-4177-9D1E-6A5556E18264}.Release|Any CPU.Build.0 = Release|Any CPU
	EndGlobalSection
	GlobalSection(SolutionProperties) = preSolution
		HideSolutionNode = FALSE
	EndGlobalSection
	GlobalSection(ExtensibilityGlobals) = postSolution
		SolutionGuid = {E3338278-C4E9-4936-B0B5-F8BE4165DA81}
	EndGlobalSection
EndGlobal
